
Microsoft Visual Studio Solution File, Format Version 12.00
# Visual Studio Version 17
VisualStudioVersion = 17.9.34607.119
MinimumVisualStudioVersion = 10.0.40219.1
Project("{FAE04EC0-301F-11D3-BF4B-00C04F79EFBC}") = "TelephoneDirectory", "TelephoneDirectory.csproj", "{AB38C2B1-DA0F-4A16-A494-0A76513E4617}"
EndProject
Global
	GlobalSection(SolutionConfigurationPlatforms) = preSolution
		Debug|Any CPU = Debug|Any CPU
		Release|Any CPU = Release|Any CPU
	EndGlobalSection
	GlobalSection(ProjectConfigurationPlatforms) = postSolution
		{AB38C2B1-DA0F-4A16-A494-0A76513E4617}.Debug|Any CPU.ActiveCfg = Debug|Any CPU
		{AB38C2B1-DA0F-4A16-A494-0A76513E4617}.Debug|Any CPU.Build.0 = Debug|Any CPU
		{AB38C2B1-DA0F-4A16-A494-0A76513E4617}.Release|Any CPU.ActiveCfg = Release|Any CPU
		{AB38C2B1-DA0F-4A16-A494-0A76513E4617}.Release|Any CPU.Build.0 = Release|Any CPU
	EndGlobalSection
	GlobalSection(SolutionProperties) = preSolution
		HideSolutionNode = FALSE
	EndGlobalSection
	GlobalSection(ExtensibilityGlobals) = postSolution
		SolutionGuid = {95B40A37-86E1-4A30-96E0-DA8D7E922D6B}
	EndGlobalSection
EndGlobal
