
Microsoft Visual Studio Solution File, Format Version 12.00
# Visual Studio Version 17
VisualStudioVersion = 17.9.34607.119
MinimumVisualStudioVersion = 10.0.40219.1
Project("{FAE04EC0-301F-11D3-BF4B-00C04F79EFBC}") = "ProductAppCoreDBFirst", "ProductAppCoreDBFirst.csproj", "{688FAD32-C545-4742-853C-5CA3624517D8}"
EndProject
Global
	GlobalSection(SolutionConfigurationPlatforms) = preSolution
		Debug|Any CPU = Debug|Any CPU
		Release|Any CPU = Release|Any CPU
	EndGlobalSection
	GlobalSection(ProjectConfigurationPlatforms) = postSolution
		{688FAD32-C545-4742-853C-5CA3624517D8}.Debug|Any CPU.ActiveCfg = Debug|Any CPU
		{688FAD32-C545-4742-853C-5CA3624517D8}.Debug|Any CPU.Build.0 = Debug|Any CPU
		{688FAD32-C545-4742-853C-5CA3624517D8}.Release|Any CPU.ActiveCfg = Release|Any CPU
		{688FAD32-C545-4742-853C-5CA3624517D8}.Release|Any CPU.Build.0 = Release|Any CPU
	EndGlobalSection
	GlobalSection(SolutionProperties) = preSolution
		HideSolutionNode = FALSE
	EndGlobalSection
	GlobalSection(ExtensibilityGlobals) = postSolution
		SolutionGuid = {0322DB71-0A48-4E3E-849A-36B9353531BF}
	EndGlobalSection
EndGlobal
