
Microsoft Visual Studio Solution File, Format Version 12.00
# Visual Studio Version 17
VisualStudioVersion = 17.9.34607.119
MinimumVisualStudioVersion = 10.0.40219.1
Project("{FAE04EC0-301F-11D3-BF4B-00C04F79EFBC}") = "Day1MVC", "Day1MVC.csproj", "{1ED046C3-EF36-4796-9991-6A5648A873C8}"
EndProject
Global
	GlobalSection(SolutionConfigurationPlatforms) = preSolution
		Debug|Any CPU = Debug|Any CPU
		Release|Any CPU = Release|Any CPU
	EndGlobalSection
	GlobalSection(ProjectConfigurationPlatforms) = postSolution
		{1ED046C3-EF36-4796-9991-6A5648A873C8}.Debug|Any CPU.ActiveCfg = Debug|Any CPU
		{1ED046C3-EF36-4796-9991-6A5648A873C8}.Debug|Any CPU.Build.0 = Debug|Any CPU
		{1ED046C3-EF36-4796-9991-6A5648A873C8}.Release|Any CPU.ActiveCfg = Release|Any CPU
		{1ED046C3-EF36-4796-9991-6A5648A873C8}.Release|Any CPU.Build.0 = Release|Any CPU
	EndGlobalSection
	GlobalSection(SolutionProperties) = preSolution
		HideSolutionNode = FALSE
	EndGlobalSection
	GlobalSection(ExtensibilityGlobals) = postSolution
		SolutionGuid = {326B5AB1-784D-49F3-845D-38DE7C0B4709}
	EndGlobalSection
EndGlobal
