
Microsoft Visual Studio Solution File, Format Version 12.00
# Visual Studio Version 17
VisualStudioVersion = 17.9.34607.119
MinimumVisualStudioVersion = 10.0.40219.1
Project("{FAE04EC0-301F-11D3-BF4B-00C04F79EFBC}") = "CodeFirstApporachCore", "CodeFirstApporachCore.csproj", "{ECC75217-0298-4F27-97C5-9A58AC4700A8}"
EndProject
Global
	GlobalSection(SolutionConfigurationPlatforms) = preSolution
		Debug|Any CPU = Debug|Any CPU
		Release|Any CPU = Release|Any CPU
	EndGlobalSection
	GlobalSection(ProjectConfigurationPlatforms) = postSolution
		{ECC75217-0298-4F27-97C5-9A58AC4700A8}.Debug|Any CPU.ActiveCfg = Debug|Any CPU
		{ECC75217-0298-4F27-97C5-9A58AC4700A8}.Debug|Any CPU.Build.0 = Debug|Any CPU
		{ECC75217-0298-4F27-97C5-9A58AC4700A8}.Release|Any CPU.ActiveCfg = Release|Any CPU
		{ECC75217-0298-4F27-97C5-9A58AC4700A8}.Release|Any CPU.Build.0 = Release|Any CPU
	EndGlobalSection
	GlobalSection(SolutionProperties) = preSolution
		HideSolutionNode = FALSE
	EndGlobalSection
	GlobalSection(ExtensibilityGlobals) = postSolution
		SolutionGuid = {100C1C37-F40B-49D3-80F9-CBEB2F8A3ECA}
	EndGlobalSection
EndGlobal
